
Microsoft Visual Studio Solution File, Format Version 12.00
# Visual Studio Version 17
VisualStudioVersion = 17.14.36603.0 d17.14
MinimumVisualStudioVersion = 10.0.40219.1
Project("{FAE04EC0-301F-11D3-BF4B-00C04F79EFBC}") = "OPAM Laboratorna 1", "OPAM Laboratorna 1\OPAM Laboratorna 1.csproj", "{05553D1C-5866-41B5-9600-F3CDD24C1205}"
EndProject
Global
	GlobalSection(SolutionConfigurationPlatforms) = preSolution
		Debug|Any CPU = Debug|Any CPU
		Release|Any CPU = Release|Any CPU
	EndGlobalSection
	GlobalSection(ProjectConfigurationPlatforms) = postSolution
		{05553D1C-5866-41B5-9600-F3CDD24C1205}.Debug|Any CPU.ActiveCfg = Debug|Any CPU
		{05553D1C-5866-41B5-9600-F3CDD24C1205}.Debug|Any CPU.Build.0 = Debug|Any CPU
		{05553D1C-5866-41B5-9600-F3CDD24C1205}.Release|Any CPU.ActiveCfg = Release|Any CPU
		{05553D1C-5866-41B5-9600-F3CDD24C1205}.Release|Any CPU.Build.0 = Release|Any CPU
	EndGlobalSection
	GlobalSection(SolutionProperties) = preSolution
		HideSolutionNode = FALSE
	EndGlobalSection
	GlobalSection(ExtensibilityGlobals) = postSolution
		SolutionGuid = {52FFCC94-5BAE-4D2B-A3EA-C51181138B8D}
	EndGlobalSection
EndGlobal
